
Microsoft Visual Studio Solution File, Format Version 12.00
# Visual Studio Version 16
VisualStudioVersion = 16.0.32228.343
MinimumVisualStudioVersion = 10.0.40219.1
Project("{FAE04EC0-301F-11D3-BF4B-00C04F79EFBC}") = "App", "App\App.csproj", "{12F40B77-A8BB-46DA-88DE-B18342934871}"
EndProject
Global
	GlobalSection(SolutionConfigurationPlatforms) = preSolution
		Debug|Any CPU = Debug|Any CPU
		Release|Any CPU = Release|Any CPU
	EndGlobalSection
	GlobalSection(ProjectConfigurationPlatforms) = postSolution
		{12F40B77-A8BB-46DA-88DE-B18342934871}.Debug|Any CPU.ActiveCfg = Debug|Any CPU
		{12F40B77-A8BB-46DA-88DE-B18342934871}.Debug|Any CPU.Build.0 = Debug|Any CPU
		{12F40B77-A8BB-46DA-88DE-B18342934871}.Release|Any CPU.ActiveCfg = Release|Any CPU
		{12F40B77-A8BB-46DA-88DE-B18342934871}.Release|Any CPU.Build.0 = Release|Any CPU
	EndGlobalSection
	GlobalSection(SolutionProperties) = preSolution
		HideSolutionNode = FALSE
	EndGlobalSection
	GlobalSection(ExtensibilityGlobals) = postSolution
		SolutionGuid = {D889E4A5-FB7C-419C-9662-D56E1C08426A}
	EndGlobalSection
EndGlobal
